{
    "_meta": {
        "hash": {
            "sha256": "4aac1f22c8b024935cad3421b6cff9bfa386db49ff90a1221c0bba93ba6c4028"
        },
        "pipfile-spec": 6,
        "requires": {
            "python_full_version": "3.10.10",
            "python_version": "3.10"
        },
        "sources": [
            {
                "name": "pypi",
                "url": "https://pypi.org/simple",
                "verify_ssl": true
            }
        ]
    },
    "default": {
        "adafruit-blinka": {
            "hashes": [
                "sha256:61a5d733b09b7352986f53702fb7cb124e8ad854288f091e8122f1c9956ab8e3",
                "sha256:ab62ca7b6e6a8f2ecc07b3977739570378b9cc592eca307c6ee39ef08422675b"
            ],
            "markers": "python_full_version >= '3.7.0'",
            "version": "==8.24.0"
        },
        "adafruit-circuitpython-busdevice": {
            "hashes": [
                "sha256:9f25577843f0a338a0936a1b57436f4451f7783b38e3cf46160b6be78faeaa44",
                "sha256:ed06f5552e5567b0c89589c5bc6ef3adcac67d59eb505ce9127af99f33c2bc90"
            ],
            "version": "==5.2.6"
        },
        "adafruit-circuitpython-led-animation": {
            "hashes": [
                "sha256:184db673a46a5e68491033031dce7d0d2a6e95d83e464b0ee85e428e5650a2b3",
                "sha256:2e0a904cf34e8d1ce7ded380ff58db22952b100fcc9528cba7cb4b45b8932cbe"
            ],
            "index": "pypi",
            "version": "==2.7.4"
        },
        "adafruit-circuitpython-neopixel": {
            "hashes": [
                "sha256:184db9f6ccb05484726d788cc4934cd6f095f94cf60be01d768f35a8f11f2a3c",
                "sha256:6395573c0af971b329b3f9b6060c1440fdf7995656c3548f6b6e0a354996b6c1"
            ],
            "index": "pypi",
            "version": "==6.3.10"
        },
        "adafruit-circuitpython-pixelbuf": {
            "hashes": [
                "sha256:2fb7c625789e02ef846c909070dafd8892d871251cd87c32469052bc12579490",
                "sha256:6d4516ac64b4e8d270abe183d436c6d983b9022e2c2c1587a494651494ac122b"
            ],
            "version": "==2.0.3"
        },
        "adafruit-circuitpython-requests": {
            "hashes": [
                "sha256:91e7634cd223ee3adf22ca3cf6e8f34713a56a3809031f37ec31b90a3a9f503f",
                "sha256:fec34d21be9d721a44bd1471e3651630eb7d394ce806de2fb39536dac73408aa"
            ],
            "version": "==2.0.2"
        },
        "adafruit-circuitpython-typing": {
            "hashes": [
                "sha256:02625de1f8fdeb42db5a88999d2dc7a905339b30c673f7a2d8608b840e8520cc",
                "sha256:6a2a7a4f60d54348f3c4aad8f4dd0d0f0aaf9c854ddd1761b20d5146440faa1d"
            ],
            "version": "==1.9.5"
        },
        "adafruit-platformdetect": {
            "hashes": [
                "sha256:3fe7fb781a83d3f28812bcbff34edd4100afb68901d9c62ee22d07e824d82168",
                "sha256:fecae7a6612bbcd32d1f40c2d2f1aa263c554be5e52cc6fa4eebaf8b80c33519"
            ],
            "version": "==3.54.0"
        },
        "adafruit-pureio": {
            "hashes": [
                "sha256:281ab2099372cc0decc26326918996cbf21b8eed694ec4764d51eefa029d324e",
                "sha256:c4cfbb365731942d1f1092a116f47dfdae0aef18c5b27f1072b5824ad5ea8c7c"
            ],
            "markers": "python_full_version >= '3.5.0'",
            "version": "==1.1.11"
        },
        "pyftdi": {
            "hashes": [
                "sha256:6af7b6c73da1256fd5140076fe77a616c13e44dd0779dd561dac1b5981dbd43f",
                "sha256:a747bbbccc4eeea26cefa2c8bd3d2b8bef8c94ecb6969bb9c75a63640887519a"
            ],
            "markers": "python_version >= '3.8'",
            "version": "==0.55.0"
        },
        "pyserial": {
            "hashes": [
                "sha256:3c77e014170dfffbd816e6ffc205e9842efb10be9f58ec16d3e8675b4925cddb",
                "sha256:c4451db6ba391ca6ca299fb3ec7bae67a5c55dde170964c7a14ceefec02f2cf0"
            ],
            "version": "==3.5"
        },
        "pyusb": {
            "hashes": [
                "sha256:2b4c7cb86dbadf044dfb9d3a4ff69fd217013dbe78a792177a3feb172449ea36",
                "sha256:a4cc7404a203144754164b8b40994e2849fde1cfff06b08492f12fff9d9de7b9"
            ],
            "markers": "python_full_version >= '3.6.0'",
            "version": "==1.2.1"
        },
        "typing-extensions": {
            "hashes": [
                "sha256:8f92fc8806f9a6b641eaa5318da32b44d401efaac0f6678c9bc448ba3605faa0",
                "sha256:df8e4339e9cb77357558cbdbceca33c303714cf861d1eef15e1070055ae8b7ef"
            ],
            "markers": "python_version >= '3.8'",
            "version": "==4.8.0"
        }
    },
    "develop": {}
}
